github.com/Tnze/go-mc v1.19.3 h1:vRRJSlqsN65+4Wgy/Sx9+Z1W3+S5BaQ1ZPcCp0TaXgs=
github.com/Tnze/go-mc v1.19.3/go.mod h1:uNMPHRugYj2nXIHbmm8XTQJ1NpQAC2p214es9BIC5Rc=
github.com/Tnze/go-mc v1.19.4-pre1.0.20230606012513-b09ea0a3eb7f h1:+K3/tl0i62YCqtBKiCJRdnNz159CHaPkylyNYBoq5Co=
github.com/Tnze/go-mc v1.19.4-pre1.0.20230606012513-b09ea0a3eb7f/go.mod h1:c1znJQglgqa1Jjs3Dr29woN/msguiJrlNtWXhKedh2U=
github.com/google/uuid v1.3.0 h1:t6JiXgmwXMjEs8VusXIJk2BXHsn+wx8BZdTaoZ5fu7I=
github.com/google/uuid v1.3.0/go.mod h1:TIyPZe4MgqvfeYDBFedMoGGpEw/LqOeaOT+nhxU+yHo=
github.com/joho/godotenv v1.5.1 h1:7eLL/+HRGLY0ldzfGMeQkb7vMd0as4CfYvUVzLqw0N0=
github.com/joho/godotenv v1.5.1/go.mod h1:f4LDr5Voq0i2e/R5DDNOoa2zzDfwtkZa6DnEwAbqwq4=
